
Microsoft Visual Studio Solution File, Format Version 12.00
# Visual Studio Version 17
VisualStudioVersion = 17.11.35222.181
MinimumVisualStudioVersion = 10.0.40219.1
Project("{FAE04EC0-301F-11D3-BF4B-00C04F79EFBC}") = "HW5", "HW5.csproj", "{B87162EC-1ACB-4343-8C8E-14E54D75DE19}"
EndProject
Global
	GlobalSection(SolutionConfigurationPlatforms) = preSolution
		Debug|Any CPU = Debug|Any CPU
		Release|Any CPU = Release|Any CPU
	EndGlobalSection
	GlobalSection(ProjectConfigurationPlatforms) = postSolution
		{B87162EC-1ACB-4343-8C8E-14E54D75DE19}.Debug|Any CPU.ActiveCfg = Debug|Any CPU
		{B87162EC-1ACB-4343-8C8E-14E54D75DE19}.Debug|Any CPU.Build.0 = Debug|Any CPU
		{B87162EC-1ACB-4343-8C8E-14E54D75DE19}.Release|Any CPU.ActiveCfg = Release|Any CPU
		{B87162EC-1ACB-4343-8C8E-14E54D75DE19}.Release|Any CPU.Build.0 = Release|Any CPU
	EndGlobalSection
	GlobalSection(SolutionProperties) = preSolution
		HideSolutionNode = FALSE
	EndGlobalSection
	GlobalSection(ExtensibilityGlobals) = postSolution
		SolutionGuid = {6D1C499B-DF91-444E-9331-75B6ED42458E}
	EndGlobalSection
EndGlobal
